
Microsoft Visual Studio Solution File, Format Version 12.00
# Visual Studio Version 17
VisualStudioVersion = 17.2.32630.192
MinimumVisualStudioVersion = 10.0.40219.1
Project("{FAE04EC0-301F-11D3-BF4B-00C04F79EFBC}") = "ConsoleApp1", "ConsoleApp1\ConsoleApp1.csproj", "{6A56764C-1235-435B-A21B-A8860DAF2B75}"
EndProject
Global
	GlobalSection(SolutionConfigurationPlatforms) = preSolution
		Debug|Any CPU = Debug|Any CPU
		Release|Any CPU = Release|Any CPU
	EndGlobalSection
	GlobalSection(ProjectConfigurationPlatforms) = postSolution
		{6A56764C-1235-435B-A21B-A8860DAF2B75}.Debug|Any CPU.ActiveCfg = Debug|Any CPU
		{6A56764C-1235-435B-A21B-A8860DAF2B75}.Debug|Any CPU.Build.0 = Debug|Any CPU
		{6A56764C-1235-435B-A21B-A8860DAF2B75}.Release|Any CPU.ActiveCfg = Release|Any CPU
		{6A56764C-1235-435B-A21B-A8860DAF2B75}.Release|Any CPU.Build.0 = Release|Any CPU
	EndGlobalSection
	GlobalSection(SolutionProperties) = preSolution
		HideSolutionNode = FALSE
	EndGlobalSection
	GlobalSection(ExtensibilityGlobals) = postSolution
		SolutionGuid = {2EEF28C8-394F-4861-8851-A543DC28E518}
	EndGlobalSection
EndGlobal
